
Microsoft Visual Studio Solution File, Format Version 12.00
# Visual Studio Version 16
VisualStudioVersion = 16.0.32901.82
MinimumVisualStudioVersion = 10.0.40219.1
Project("{FAE04EC0-301F-11D3-BF4B-00C04F79EFBC}") = "Ajanlat", "Ajanlat\Ajanlat.csproj", "{69AF81E9-8E0F-4A4C-93B9-BD1F62E9806B}"
EndProject
Global
	GlobalSection(SolutionConfigurationPlatforms) = preSolution
		Debug|Any CPU = Debug|Any CPU
		Release|Any CPU = Release|Any CPU
	EndGlobalSection
	GlobalSection(ProjectConfigurationPlatforms) = postSolution
		{69AF81E9-8E0F-4A4C-93B9-BD1F62E9806B}.Debug|Any CPU.ActiveCfg = Debug|Any CPU
		{69AF81E9-8E0F-4A4C-93B9-BD1F62E9806B}.Debug|Any CPU.Build.0 = Debug|Any CPU
		{69AF81E9-8E0F-4A4C-93B9-BD1F62E9806B}.Release|Any CPU.ActiveCfg = Release|Any CPU
		{69AF81E9-8E0F-4A4C-93B9-BD1F62E9806B}.Release|Any CPU.Build.0 = Release|Any CPU
	EndGlobalSection
	GlobalSection(SolutionProperties) = preSolution
		HideSolutionNode = FALSE
	EndGlobalSection
	GlobalSection(ExtensibilityGlobals) = postSolution
		SolutionGuid = {500D9F64-320E-4EEF-8C97-9C613D5E3D8B}
	EndGlobalSection
EndGlobal
